{
  "object": {
    "pins": [
      {
        "package": "Alamofire",
        "repositoryURL": "https://github.com/Alamofire/Alamofire.git",
        "state": {
          "branch": null,
          "revision": "10323991876208d196c6d1bf91beeb2ec4383b27",
          "version": "4.7.1"
        }
      }
    ]
  },
  "version": 1
}
